
Microsoft Visual Studio Solution File, Format Version 12.00
# Visual Studio Version 17
VisualStudioVersion = 17.11.35303.130
MinimumVisualStudioVersion = 10.0.40219.1
Project("{FAE04EC0-301F-11D3-BF4B-00C04F79EFBC}") = "CalcAPI_NunitTesting", "CalcAPI_NunitTesting.csproj", "{9159D9F4-5FFF-4086-BC76-938717D89690}"
EndProject
Global
	GlobalSection(SolutionConfigurationPlatforms) = preSolution
		Debug|Any CPU = Debug|Any CPU
		Release|Any CPU = Release|Any CPU
	EndGlobalSection
	GlobalSection(ProjectConfigurationPlatforms) = postSolution
		{9159D9F4-5FFF-4086-BC76-938717D89690}.Debug|Any CPU.ActiveCfg = Debug|Any CPU
		{9159D9F4-5FFF-4086-BC76-938717D89690}.Debug|Any CPU.Build.0 = Debug|Any CPU
		{9159D9F4-5FFF-4086-BC76-938717D89690}.Release|Any CPU.ActiveCfg = Release|Any CPU
		{9159D9F4-5FFF-4086-BC76-938717D89690}.Release|Any CPU.Build.0 = Release|Any CPU
	EndGlobalSection
	GlobalSection(SolutionProperties) = preSolution
		HideSolutionNode = FALSE
	EndGlobalSection
	GlobalSection(ExtensibilityGlobals) = postSolution
		SolutionGuid = {E5F497EB-68CF-4EF2-B5F6-32EADAFDBBA5}
	EndGlobalSection
EndGlobal
